
Microsoft Visual Studio Solution File, Format Version 12.00
# Visual Studio 14
VisualStudioVersion = 14.0.25420.1
MinimumVisualStudioVersion = 10.0.40219.1
Project("{FAE04EC0-301F-11D3-BF4B-00C04F79EFBC}") = "Alopyx.Antichess", "Alopyx.Antichess\Alopyx.Antichess.csproj", "{3FCC7463-441F-4631-BA28-3467A117DC55}"
EndProject
Project("{FAE04EC0-301F-11D3-BF4B-00C04F79EFBC}") = "Alopyx.Antichess.Training", "Alopyx.Antichess.Training\Alopyx.Antichess.Training.csproj", "{32584133-4C70-484A-8D3F-DDBDE459978B}"
EndProject
Global
	GlobalSection(SolutionConfigurationPlatforms) = preSolution
		Debug|Any CPU = Debug|Any CPU
		Release|Any CPU = Release|Any CPU
	EndGlobalSection
	GlobalSection(ProjectConfigurationPlatforms) = postSolution
		{3FCC7463-441F-4631-BA28-3467A117DC55}.Debug|Any CPU.ActiveCfg = Debug|Any CPU
		{3FCC7463-441F-4631-BA28-3467A117DC55}.Debug|Any CPU.Build.0 = Debug|Any CPU
		{3FCC7463-441F-4631-BA28-3467A117DC55}.Release|Any CPU.ActiveCfg = Release|Any CPU
		{3FCC7463-441F-4631-BA28-3467A117DC55}.Release|Any CPU.Build.0 = Release|Any CPU
		{32584133-4C70-484A-8D3F-DDBDE459978B}.Debug|Any CPU.ActiveCfg = Debug|Any CPU
		{32584133-4C70-484A-8D3F-DDBDE459978B}.Debug|Any CPU.Build.0 = Debug|Any CPU
		{32584133-4C70-484A-8D3F-DDBDE459978B}.Release|Any CPU.ActiveCfg = Release|Any CPU
		{32584133-4C70-484A-8D3F-DDBDE459978B}.Release|Any CPU.Build.0 = Release|Any CPU
	EndGlobalSection
	GlobalSection(SolutionProperties) = preSolution
		HideSolutionNode = FALSE
	EndGlobalSection
EndGlobal
